
Microsoft Visual Studio Solution File, Format Version 12.00
# Visual Studio Version 16
VisualStudioVersion = 16.0.29613.14
MinimumVisualStudioVersion = 10.0.40219.1
Project("{FAE04EC0-301F-11D3-BF4B-00C04F79EFBC}") = "PieceStockDemo", "PieceStockDemo\PieceStockDemo.csproj", "{3C10FF05-349E-4957-8D31-7D2248CDB4AF}"
EndProject
Project("{FAE04EC0-301F-11D3-BF4B-00C04F79EFBC}") = "PieceToStock", "PieceToStock\PieceToStock.csproj", "{E39726D7-78B2-426A-9FC8-D6584218B799}"
EndProject
Global
	GlobalSection(SolutionConfigurationPlatforms) = preSolution
		Debug|Any CPU = Debug|Any CPU
		Release|Any CPU = Release|Any CPU
	EndGlobalSection
	GlobalSection(ProjectConfigurationPlatforms) = postSolution
		{3C10FF05-349E-4957-8D31-7D2248CDB4AF}.Debug|Any CPU.ActiveCfg = Debug|Any CPU
		{3C10FF05-349E-4957-8D31-7D2248CDB4AF}.Debug|Any CPU.Build.0 = Debug|Any CPU
		{3C10FF05-349E-4957-8D31-7D2248CDB4AF}.Release|Any CPU.ActiveCfg = Release|Any CPU
		{3C10FF05-349E-4957-8D31-7D2248CDB4AF}.Release|Any CPU.Build.0 = Release|Any CPU
		{E39726D7-78B2-426A-9FC8-D6584218B799}.Debug|Any CPU.ActiveCfg = Debug|Any CPU
		{E39726D7-78B2-426A-9FC8-D6584218B799}.Debug|Any CPU.Build.0 = Debug|Any CPU
		{E39726D7-78B2-426A-9FC8-D6584218B799}.Release|Any CPU.ActiveCfg = Release|Any CPU
		{E39726D7-78B2-426A-9FC8-D6584218B799}.Release|Any CPU.Build.0 = Release|Any CPU
	EndGlobalSection
	GlobalSection(SolutionProperties) = preSolution
		HideSolutionNode = FALSE
	EndGlobalSection
	GlobalSection(ExtensibilityGlobals) = postSolution
		SolutionGuid = {D1C421D3-ED64-4BFA-88A3-448DACE62BD5}
	EndGlobalSection
EndGlobal
